
Microsoft Visual Studio Solution File, Format Version 12.00
# Visual Studio Version 17
VisualStudioVersion = 17.0.32014.148
MinimumVisualStudioVersion = 10.0.40219.1
Project("{9A19103F-16F7-4668-BE54-9A1E7A4F7556}") = "RestAPI", "RestAPI\RestAPI.csproj", "{B63D2B80-05E6-4695-BDE2-2C1A473C74D4}"
EndProject
Project("{9A19103F-16F7-4668-BE54-9A1E7A4F7556}") = "Tests", "IntegrationTests\Tests.csproj", "{7D201E39-5629-41B6-BA88-2507EE4CAEBA}"
EndProject
Global
	GlobalSection(SolutionConfigurationPlatforms) = preSolution
		Debug|Any CPU = Debug|Any CPU
		Release|Any CPU = Release|Any CPU
	EndGlobalSection
	GlobalSection(ProjectConfigurationPlatforms) = postSolution
		{B63D2B80-05E6-4695-BDE2-2C1A473C74D4}.Debug|Any CPU.ActiveCfg = Debug|Any CPU
		{B63D2B80-05E6-4695-BDE2-2C1A473C74D4}.Debug|Any CPU.Build.0 = Debug|Any CPU
		{B63D2B80-05E6-4695-BDE2-2C1A473C74D4}.Release|Any CPU.ActiveCfg = Release|Any CPU
		{B63D2B80-05E6-4695-BDE2-2C1A473C74D4}.Release|Any CPU.Build.0 = Release|Any CPU
		{7D201E39-5629-41B6-BA88-2507EE4CAEBA}.Debug|Any CPU.ActiveCfg = Debug|Any CPU
		{7D201E39-5629-41B6-BA88-2507EE4CAEBA}.Debug|Any CPU.Build.0 = Debug|Any CPU
		{7D201E39-5629-41B6-BA88-2507EE4CAEBA}.Release|Any CPU.ActiveCfg = Release|Any CPU
		{7D201E39-5629-41B6-BA88-2507EE4CAEBA}.Release|Any CPU.Build.0 = Release|Any CPU
	EndGlobalSection
	GlobalSection(SolutionProperties) = preSolution
		HideSolutionNode = FALSE
	EndGlobalSection
	GlobalSection(ExtensibilityGlobals) = postSolution
		SolutionGuid = {992E1BF6-B83B-46BE-90B3-5D54EE3BF6DC}
	EndGlobalSection
EndGlobal
